
Microsoft Visual Studio Solution File, Format Version 12.00
# Visual Studio 15
VisualStudioVersion = 15.0.28010.2048
MinimumVisualStudioVersion = 10.0.40219.1
Project("{8BC9CEB8-8B4A-11D0-8D11-00A0C91BC942}") = "Krig", "Krig\Krig.vcxproj", "{BEC12282-8020-4F54-8FEB-A3E7B47AF5D8}"
EndProject
Project("{8BC9CEB8-8B4A-11D0-8D11-00A0C91BC942}") = "Krig V2", "Krig V2\Krig V2.vcxproj", "{92A580EB-8371-422D-BB95-F2C9020D1888}"
EndProject
Project("{8BC9CEB8-8B4A-11D0-8D11-00A0C91BC942}") = "Krig V2.0", "Krig V2.0\Krig V2.0.vcxproj", "{26726CB3-B043-4CE1-AEA9-B7082745B7A7}"
EndProject
Global
	GlobalSection(SolutionConfigurationPlatforms) = preSolution
		Debug|x64 = Debug|x64
		Debug|x86 = Debug|x86
		Release|x64 = Release|x64
		Release|x86 = Release|x86
	EndGlobalSection
	GlobalSection(ProjectConfigurationPlatforms) = postSolution
		{BEC12282-8020-4F54-8FEB-A3E7B47AF5D8}.Debug|x64.ActiveCfg = Debug|x64
		{BEC12282-8020-4F54-8FEB-A3E7B47AF5D8}.Debug|x64.Build.0 = Debug|x64
		{BEC12282-8020-4F54-8FEB-A3E7B47AF5D8}.Debug|x86.ActiveCfg = Debug|Win32
		{BEC12282-8020-4F54-8FEB-A3E7B47AF5D8}.Debug|x86.Build.0 = Debug|Win32
		{BEC12282-8020-4F54-8FEB-A3E7B47AF5D8}.Release|x64.ActiveCfg = Release|x64
		{BEC12282-8020-4F54-8FEB-A3E7B47AF5D8}.Release|x64.Build.0 = Release|x64
		{BEC12282-8020-4F54-8FEB-A3E7B47AF5D8}.Release|x86.ActiveCfg = Release|Win32
		{BEC12282-8020-4F54-8FEB-A3E7B47AF5D8}.Release|x86.Build.0 = Release|Win32
		{92A580EB-8371-422D-BB95-F2C9020D1888}.Debug|x64.ActiveCfg = Debug|x64
		{92A580EB-8371-422D-BB95-F2C9020D1888}.Debug|x64.Build.0 = Debug|x64
		{92A580EB-8371-422D-BB95-F2C9020D1888}.Debug|x86.ActiveCfg = Debug|Win32
		{92A580EB-8371-422D-BB95-F2C9020D1888}.Debug|x86.Build.0 = Debug|Win32
		{92A580EB-8371-422D-BB95-F2C9020D1888}.Release|x64.ActiveCfg = Release|x64
		{92A580EB-8371-422D-BB95-F2C9020D1888}.Release|x64.Build.0 = Release|x64
		{92A580EB-8371-422D-BB95-F2C9020D1888}.Release|x86.ActiveCfg = Release|Win32
		{92A580EB-8371-422D-BB95-F2C9020D1888}.Release|x86.Build.0 = Release|Win32
		{26726CB3-B043-4CE1-AEA9-B7082745B7A7}.Debug|x64.ActiveCfg = Debug|x64
		{26726CB3-B043-4CE1-AEA9-B7082745B7A7}.Debug|x64.Build.0 = Debug|x64
		{26726CB3-B043-4CE1-AEA9-B7082745B7A7}.Debug|x86.ActiveCfg = Debug|Win32
		{26726CB3-B043-4CE1-AEA9-B7082745B7A7}.Debug|x86.Build.0 = Debug|Win32
		{26726CB3-B043-4CE1-AEA9-B7082745B7A7}.Release|x64.ActiveCfg = Release|x64
		{26726CB3-B043-4CE1-AEA9-B7082745B7A7}.Release|x64.Build.0 = Release|x64
		{26726CB3-B043-4CE1-AEA9-B7082745B7A7}.Release|x86.ActiveCfg = Release|Win32
		{26726CB3-B043-4CE1-AEA9-B7082745B7A7}.Release|x86.Build.0 = Release|Win32
	EndGlobalSection
	GlobalSection(SolutionProperties) = preSolution
		HideSolutionNode = FALSE
	EndGlobalSection
	GlobalSection(ExtensibilityGlobals) = postSolution
		SolutionGuid = {D56DD66E-B0D3-459A-B951-C0CBACCB954C}
	EndGlobalSection
EndGlobal
